
Microsoft Visual Studio Solution File, Format Version 12.00
# Visual Studio 17
VisualStudioVersion = 17.0.31903.59
MinimumVisualStudioVersion = 10.0.40219.1
Project("{9A19103F-16F7-4668-BE54-9A1E7A4F7556}") = "NetProject", "NetProject\NetProject.vbproj", "{8A3E84FF-FE0F-4183-993B-1C3FF330E4D9}"
EndProject
Project("{3AC096D0-A1C2-E12C-1390-A8335801FDAB}") = "NetProject.Tests", "NetProject.Tests\NetProject.Tests.csproj", "{2FB6DE9C-A7EB-48B2-9800-18B049642559}"
EndProject
Global
	GlobalSection(SolutionConfigurationPlatforms) = preSolution
		Debug|Any CPU = Debug|Any CPU
		Release|Any CPU = Release|Any CPU
	EndGlobalSection
	GlobalSection(ProjectConfigurationPlatforms) = postSolution
		{8A3E84FF-FE0F-4183-993B-1C3FF330E4D9}.Debug|Any CPU.ActiveCfg = Debug|Any CPU
		{8A3E84FF-FE0F-4183-993B-1C3FF330E4D9}.Debug|Any CPU.Build.0 = Debug|Any CPU
		{8A3E84FF-FE0F-4183-993B-1C3FF330E4D9}.Release|Any CPU.ActiveCfg = Release|Any CPU
		{8A3E84FF-FE0F-4183-993B-1C3FF330E4D9}.Release|Any CPU.Build.0 = Release|Any CPU
                {2FB6DE9C-A7EB-48B2-9800-18B049642559}.Debug|Any CPU.ActiveCfg = Debug|Any CPU
                {2FB6DE9C-A7EB-48B2-9800-18B049642559}.Debug|Any CPU.Build.0 = Debug|Any CPU
                {2FB6DE9C-A7EB-48B2-9800-18B049642559}.Release|Any CPU.ActiveCfg = Release|Any CPU
                {2FB6DE9C-A7EB-48B2-9800-18B049642559}.Release|Any CPU.Build.0 = Release|Any CPU
	EndGlobalSection
	GlobalSection(SolutionProperties) = preSolution
		HideSolutionNode = FALSE
	EndGlobalSection
	GlobalSection(ExtensibilityGlobals) = postSolution
		SolutionGuid = {8D28B0D2-F950-4A6F-A13E-262F1B55A5C8}
	EndGlobalSection
EndGlobal
